<?xml version="1.0" encoding="utf-8"?>
<Project ToolsVersion="4.0" xmlns="http://schemas.microsoft.com/developer/msbuild/2003">
  <ItemGroup>
    <Filter Include="win32">
      <UniqueIdentifier>{84a8ebd7-7cf0-47f6-b75e-d441df67da40}</UniqueIdentifier>
    </Filter>
    <Filter Include="resource">
      <UniqueIdentifier>{715254bc-d70b-4ec5-bf29-467dd3ace079}</UniqueIdentifier>
    </Filter>
    <Filter Include="src">
      <UniqueIdentifier>{bb6c862e-70e9-49d9-81b7-3829a6f50471}</UniqueIdentifier>
    </Filter>
    <Filter Include="src\level">
      <UniqueIdentifier>{0b901724-4e0b-43f4-b722-fc45340bc60d}</UniqueIdentifier>
    </Filter>
    <Filter Include="src\gameobjects">
      <UniqueIdentifier>{4b29e15c-6fb5-4e3e-b607-5957ac15aa1f}</UniqueIdentifier>
    </Filter>
  </ItemGroup>
  <ItemGroup>
    <ClCompile Include="main.cpp">
      <Filter>win32</Filter>
    </ClCompile>
    <ClCompile Include="..\Classes\AppDelegate.cpp">
      <Filter>src</Filter>
    </ClCompile>
    <ClCompile Include="..\Classes\level\GameLevelLayer.cpp">
      <Filter>src\level</Filter>
    </ClCompile>
    <ClCompile Include="..\Classes\gameobjects\PlayerClass.cpp">
      <Filter>src\gameobjects</Filter>
    </ClCompile>
    <ClCompile Include="..\Classes\level\MainMenuLayer.cpp">
      <Filter>src\level</Filter>
    </ClCompile>
  </ItemGroup>
  <ItemGroup>
    <ClInclude Include="main.h">
      <Filter>win32</Filter>
    </ClInclude>
    <ClInclude Include="..\Classes\AppDelegate.h">
      <Filter>src</Filter>
    </ClInclude>
    <ClInclude Include="..\Classes\level\GameLevelLayer.h">
      <Filter>src\level</Filter>
    </ClInclude>
    <ClInclude Include="..\Classes\gameobjects\PlayerClass.h">
      <Filter>src\gameobjects</Filter>
    </ClInclude>
    <ClInclude Include="..\Classes\globals.h">
      <Filter>src</Filter>
    </ClInclude>
    <ClInclude Include="..\Classes\level\MainMenuLayer.h">
      <Filter>src\level</Filter>
    </ClInclude>
  </ItemGroup>
  <ItemGroup>
    <ResourceCompile Include="game.rc">
      <Filter>resource</Filter>
    </ResourceCompile>
  </ItemGroup>
</Project>